
Microsoft Visual Studio Solution File, Format Version 12.00
# Visual Studio Version 16
VisualStudioVersion = 16.0.31702.278
MinimumVisualStudioVersion = 10.0.40219.1
Project("{FAE04EC0-301F-11D3-BF4B-00C04F79EFBC}") = "Lumeer.Android", "Lumeer.Android\Lumeer.Android.csproj", "{6308425A-72A9-4C09-9714-C1CF51A41ED5}"
EndProject
Project("{FAE04EC0-301F-11D3-BF4B-00C04F79EFBC}") = "Lumeer.iOS", "Lumeer.iOS\Lumeer.iOS.csproj", "{0E2D8172-E43D-482E-BC22-64919E154E4A}"
EndProject
Project("{9A19103F-16F7-4668-BE54-9A1E7A4F7556}") = "Lumeer", "Lumeer\Lumeer.csproj", "{F2336402-0A6B-41D7-A583-566ACCFA55A1}"
EndProject
Global
	GlobalSection(SolutionConfigurationPlatforms) = preSolution
		Debug|Any CPU = Debug|Any CPU
		Debug|iPhone = Debug|iPhone
		Debug|iPhoneSimulator = Debug|iPhoneSimulator
		Release|Any CPU = Release|Any CPU
		Release|iPhone = Release|iPhone
		Release|iPhoneSimulator = Release|iPhoneSimulator
	EndGlobalSection
	GlobalSection(ProjectConfigurationPlatforms) = postSolution
		{6308425A-72A9-4C09-9714-C1CF51A41ED5}.Debug|Any CPU.ActiveCfg = Debug|Any CPU
		{6308425A-72A9-4C09-9714-C1CF51A41ED5}.Debug|Any CPU.Build.0 = Debug|Any CPU
		{6308425A-72A9-4C09-9714-C1CF51A41ED5}.Debug|Any CPU.Deploy.0 = Debug|Any CPU
		{6308425A-72A9-4C09-9714-C1CF51A41ED5}.Debug|iPhone.ActiveCfg = Debug|Any CPU
		{6308425A-72A9-4C09-9714-C1CF51A41ED5}.Debug|iPhone.Build.0 = Debug|Any CPU
		{6308425A-72A9-4C09-9714-C1CF51A41ED5}.Debug|iPhone.Deploy.0 = Debug|Any CPU
		{6308425A-72A9-4C09-9714-C1CF51A41ED5}.Debug|iPhoneSimulator.ActiveCfg = Debug|Any CPU
		{6308425A-72A9-4C09-9714-C1CF51A41ED5}.Debug|iPhoneSimulator.Build.0 = Debug|Any CPU
		{6308425A-72A9-4C09-9714-C1CF51A41ED5}.Debug|iPhoneSimulator.Deploy.0 = Debug|Any CPU
		{6308425A-72A9-4C09-9714-C1CF51A41ED5}.Release|Any CPU.ActiveCfg = Release|Any CPU
		{6308425A-72A9-4C09-9714-C1CF51A41ED5}.Release|Any CPU.Build.0 = Release|Any CPU
		{6308425A-72A9-4C09-9714-C1CF51A41ED5}.Release|Any CPU.Deploy.0 = Release|Any CPU
		{6308425A-72A9-4C09-9714-C1CF51A41ED5}.Release|iPhone.ActiveCfg = Release|Any CPU
		{6308425A-72A9-4C09-9714-C1CF51A41ED5}.Release|iPhone.Build.0 = Release|Any CPU
		{6308425A-72A9-4C09-9714-C1CF51A41ED5}.Release|iPhone.Deploy.0 = Release|Any CPU
		{6308425A-72A9-4C09-9714-C1CF51A41ED5}.Release|iPhoneSimulator.ActiveCfg = Release|Any CPU
		{6308425A-72A9-4C09-9714-C1CF51A41ED5}.Release|iPhoneSimulator.Build.0 = Release|Any CPU
		{6308425A-72A9-4C09-9714-C1CF51A41ED5}.Release|iPhoneSimulator.Deploy.0 = Release|Any CPU
		{0E2D8172-E43D-482E-BC22-64919E154E4A}.Debug|Any CPU.ActiveCfg = Debug|iPhone
		{0E2D8172-E43D-482E-BC22-64919E154E4A}.Debug|Any CPU.Build.0 = Debug|iPhone
		{0E2D8172-E43D-482E-BC22-64919E154E4A}.Debug|Any CPU.Deploy.0 = Debug|iPhone
		{0E2D8172-E43D-482E-BC22-64919E154E4A}.Debug|iPhone.ActiveCfg = Debug|iPhone
		{0E2D8172-E43D-482E-BC22-64919E154E4A}.Debug|iPhone.Build.0 = Debug|iPhone
		{0E2D8172-E43D-482E-BC22-64919E154E4A}.Debug|iPhone.Deploy.0 = Debug|iPhone
		{0E2D8172-E43D-482E-BC22-64919E154E4A}.Debug|iPhoneSimulator.ActiveCfg = Debug|iPhoneSimulator
		{0E2D8172-E43D-482E-BC22-64919E154E4A}.Debug|iPhoneSimulator.Build.0 = Debug|iPhoneSimulator
		{0E2D8172-E43D-482E-BC22-64919E154E4A}.Debug|iPhoneSimulator.Deploy.0 = Debug|iPhoneSimulator
		{0E2D8172-E43D-482E-BC22-64919E154E4A}.Release|Any CPU.ActiveCfg = Release|iPhoneSimulator
		{0E2D8172-E43D-482E-BC22-64919E154E4A}.Release|Any CPU.Build.0 = Release|iPhoneSimulator
		{0E2D8172-E43D-482E-BC22-64919E154E4A}.Release|Any CPU.Deploy.0 = Release|iPhoneSimulator
		{0E2D8172-E43D-482E-BC22-64919E154E4A}.Release|iPhone.ActiveCfg = Release|iPhone
		{0E2D8172-E43D-482E-BC22-64919E154E4A}.Release|iPhone.Build.0 = Release|iPhone
		{0E2D8172-E43D-482E-BC22-64919E154E4A}.Release|iPhone.Deploy.0 = Release|iPhone
		{0E2D8172-E43D-482E-BC22-64919E154E4A}.Release|iPhoneSimulator.ActiveCfg = Release|iPhoneSimulator
		{0E2D8172-E43D-482E-BC22-64919E154E4A}.Release|iPhoneSimulator.Build.0 = Release|iPhoneSimulator
		{0E2D8172-E43D-482E-BC22-64919E154E4A}.Release|iPhoneSimulator.Deploy.0 = Release|iPhoneSimulator
		{F2336402-0A6B-41D7-A583-566ACCFA55A1}.Debug|Any CPU.ActiveCfg = Debug|Any CPU
		{F2336402-0A6B-41D7-A583-566ACCFA55A1}.Debug|Any CPU.Build.0 = Debug|Any CPU
		{F2336402-0A6B-41D7-A583-566ACCFA55A1}.Debug|Any CPU.Deploy.0 = Debug|Any CPU
		{F2336402-0A6B-41D7-A583-566ACCFA55A1}.Debug|iPhone.ActiveCfg = Debug|Any CPU
		{F2336402-0A6B-41D7-A583-566ACCFA55A1}.Debug|iPhone.Build.0 = Debug|Any CPU
		{F2336402-0A6B-41D7-A583-566ACCFA55A1}.Debug|iPhone.Deploy.0 = Debug|Any CPU
		{F2336402-0A6B-41D7-A583-566ACCFA55A1}.Debug|iPhoneSimulator.ActiveCfg = Debug|Any CPU
		{F2336402-0A6B-41D7-A583-566ACCFA55A1}.Debug|iPhoneSimulator.Build.0 = Debug|Any CPU
		{F2336402-0A6B-41D7-A583-566ACCFA55A1}.Debug|iPhoneSimulator.Deploy.0 = Debug|Any CPU
		{F2336402-0A6B-41D7-A583-566ACCFA55A1}.Release|Any CPU.ActiveCfg = Release|Any CPU
		{F2336402-0A6B-41D7-A583-566ACCFA55A1}.Release|Any CPU.Build.0 = Release|Any CPU
		{F2336402-0A6B-41D7-A583-566ACCFA55A1}.Release|Any CPU.Deploy.0 = Release|Any CPU
		{F2336402-0A6B-41D7-A583-566ACCFA55A1}.Release|iPhone.ActiveCfg = Release|Any CPU
		{F2336402-0A6B-41D7-A583-566ACCFA55A1}.Release|iPhone.Build.0 = Release|Any CPU
		{F2336402-0A6B-41D7-A583-566ACCFA55A1}.Release|iPhone.Deploy.0 = Release|Any CPU
		{F2336402-0A6B-41D7-A583-566ACCFA55A1}.Release|iPhoneSimulator.ActiveCfg = Release|Any CPU
		{F2336402-0A6B-41D7-A583-566ACCFA55A1}.Release|iPhoneSimulator.Build.0 = Release|Any CPU
		{F2336402-0A6B-41D7-A583-566ACCFA55A1}.Release|iPhoneSimulator.Deploy.0 = Release|Any CPU
	EndGlobalSection
	GlobalSection(SolutionProperties) = preSolution
		HideSolutionNode = FALSE
	EndGlobalSection
	GlobalSection(ExtensibilityGlobals) = postSolution
		SolutionGuid = {77CD03CB-74D5-4DC2-9C4E-B84643369372}
	EndGlobalSection
EndGlobal
